
Microsoft Visual Studio Solution File, Format Version 12.00
# Visual Studio Version 17
VisualStudioVersion = 17.7.34009.444
MinimumVisualStudioVersion = 10.0.40219.1
Project("{9A19103F-16F7-4668-BE54-9A1E7A4F7556}") = "superheroes", "superheroes\superheroes.csproj", "{2CD33540-CD44-48D4-906E-3E2E742DBD0F}"
EndProject
Project("{FAE04EC0-301F-11D3-BF4B-00C04F79EFBC}") = "primeraSolucion", "primeraSolucion\primeraSolucion.csproj", "{262D47D7-C02D-4766-A203-C6DF15B06376}"
EndProject
Project("{FAE04EC0-301F-11D3-BF4B-00C04F79EFBC}") = "insertaDatos", "insertaDatos\insertaDatos.csproj", "{02460CB3-586B-4DE4-8978-19781A025CEE}"
EndProject
Global
	GlobalSection(SolutionConfigurationPlatforms) = preSolution
		Debug|Any CPU = Debug|Any CPU
		Release|Any CPU = Release|Any CPU
	EndGlobalSection
	GlobalSection(ProjectConfigurationPlatforms) = postSolution
		{2CD33540-CD44-48D4-906E-3E2E742DBD0F}.Debug|Any CPU.ActiveCfg = Debug|Any CPU
		{2CD33540-CD44-48D4-906E-3E2E742DBD0F}.Debug|Any CPU.Build.0 = Debug|Any CPU
		{2CD33540-CD44-48D4-906E-3E2E742DBD0F}.Release|Any CPU.ActiveCfg = Release|Any CPU
		{2CD33540-CD44-48D4-906E-3E2E742DBD0F}.Release|Any CPU.Build.0 = Release|Any CPU
		{262D47D7-C02D-4766-A203-C6DF15B06376}.Debug|Any CPU.ActiveCfg = Debug|Any CPU
		{262D47D7-C02D-4766-A203-C6DF15B06376}.Debug|Any CPU.Build.0 = Debug|Any CPU
		{262D47D7-C02D-4766-A203-C6DF15B06376}.Release|Any CPU.ActiveCfg = Release|Any CPU
		{262D47D7-C02D-4766-A203-C6DF15B06376}.Release|Any CPU.Build.0 = Release|Any CPU
		{02460CB3-586B-4DE4-8978-19781A025CEE}.Debug|Any CPU.ActiveCfg = Debug|Any CPU
		{02460CB3-586B-4DE4-8978-19781A025CEE}.Debug|Any CPU.Build.0 = Debug|Any CPU
		{02460CB3-586B-4DE4-8978-19781A025CEE}.Release|Any CPU.ActiveCfg = Release|Any CPU
		{02460CB3-586B-4DE4-8978-19781A025CEE}.Release|Any CPU.Build.0 = Release|Any CPU
	EndGlobalSection
	GlobalSection(SolutionProperties) = preSolution
		HideSolutionNode = FALSE
	EndGlobalSection
	GlobalSection(ExtensibilityGlobals) = postSolution
		SolutionGuid = {CE02A788-B79E-43E0-A983-E9796EEE077F}
	EndGlobalSection
EndGlobal
